
Microsoft Visual Studio Solution File, Format Version 12.00
# Visual Studio Version 16
VisualStudioVersion = 16.0.29306.81
MinimumVisualStudioVersion = 10.0.40219.1
Project("{FAE04EC0-301F-11D3-BF4B-00C04F79EFBC}") = "Project", "Project\Project.csproj", "{C0D9B608-A2A5-47DF-8CDD-FC0FFC049281}"
EndProject
Project("{FAE04EC0-301F-11D3-BF4B-00C04F79EFBC}") = "Unitities", "Unitities\Unitities.csproj", "{375FE166-6AD3-4C9E-863D-FBE95AD343F7}"
EndProject
Project("{2150E333-8FDC-42A3-9474-1A3956D46DE8}") = "MyToolkits", "MyToolkits", "{E988D7DC-A0B6-439A-B89B-9CB416CE83F3}"
EndProject
Project("{2150E333-8FDC-42A3-9474-1A3956D46DE8}") = "Socket", "Socket", "{4A4467A5-A9A5-4C8B-96E7-73899C074D33}"
EndProject
Project("{2150E333-8FDC-42A3-9474-1A3956D46DE8}") = "Tools", "Tools", "{FCDA379E-CDB4-48DD-94EC-0975ECB9C428}"
EndProject
Project("{FAE04EC0-301F-11D3-BF4B-00C04F79EFBC}") = "MySocketServerTool", "MySocketServerTool\MySocketServerTool.csproj", "{26BFEE59-1332-4CC8-A667-36A371E505C7}"
EndProject
Project("{FAE04EC0-301F-11D3-BF4B-00C04F79EFBC}") = "MyToolkits.Socket.SuperSocketServer", "MyToolkits.Socket.SuperSocketServer\MyToolkits.Socket.SuperSocketServer.csproj", "{39EDE77E-4A8F-4386-829A-1CE010CA8375}"
EndProject
Project("{2150E333-8FDC-42A3-9474-1A3956D46DE8}") = "Log", "Log", "{06C5A1E8-91D9-4A96-BBC3-67E032E1E2AE}"
EndProject
Project("{9A19103F-16F7-4668-BE54-9A1E7A4F7556}") = "MyToolkits.Log.Base", "MyToolkits.Log.Base\MyToolkits.Log.Base.csproj", "{F0AB9673-55E7-485A-BD5D-A0621B84BF34}"
EndProject
Project("{9A19103F-16F7-4668-BE54-9A1E7A4F7556}") = "MyToolkits.Log.TraceLog", "MyToolkits.Log.TraceLog\MyToolkits.Log.TraceLog.csproj", "{4DDD84E4-D659-4AF3-873D-6005DD6D5864}"
EndProject
Project("{9A19103F-16F7-4668-BE54-9A1E7A4F7556}") = "MyToolkits.Socket.Core", "MyToolkits.Socket.Core\MyToolkits.Socket.Core.csproj", "{D2C7FC1D-A25F-44F8-B3DB-6E06AD848763}"
EndProject
Project("{2150E333-8FDC-42A3-9474-1A3956D46DE8}") = "DataBase", "DataBase", "{822A6D94-54B5-4DE4-AD81-84D523C7029A}"
EndProject
Project("{2150E333-8FDC-42A3-9474-1A3956D46DE8}") = "Core", "Core", "{A2E60D14-A87F-4F80-8CD5-FF62690CF5B0}"
EndProject
Project("{2150E333-8FDC-42A3-9474-1A3956D46DE8}") = "File", "File", "{0D0666FD-7BDA-4B7A-8456-9806C3D178E2}"
EndProject
Project("{2150E333-8FDC-42A3-9474-1A3956D46DE8}") = "Comment", "Comment", "{A6B90692-6320-403A-86B3-9F1795031401}"
EndProject
Global
	GlobalSection(SolutionConfigurationPlatforms) = preSolution
		Debug|Any CPU = Debug|Any CPU
		Release|Any CPU = Release|Any CPU
	EndGlobalSection
	GlobalSection(ProjectConfigurationPlatforms) = postSolution
		{C0D9B608-A2A5-47DF-8CDD-FC0FFC049281}.Debug|Any CPU.ActiveCfg = Debug|Any CPU
		{C0D9B608-A2A5-47DF-8CDD-FC0FFC049281}.Debug|Any CPU.Build.0 = Debug|Any CPU
		{C0D9B608-A2A5-47DF-8CDD-FC0FFC049281}.Release|Any CPU.ActiveCfg = Release|Any CPU
		{C0D9B608-A2A5-47DF-8CDD-FC0FFC049281}.Release|Any CPU.Build.0 = Release|Any CPU
		{375FE166-6AD3-4C9E-863D-FBE95AD343F7}.Debug|Any CPU.ActiveCfg = Debug|Any CPU
		{375FE166-6AD3-4C9E-863D-FBE95AD343F7}.Debug|Any CPU.Build.0 = Debug|Any CPU
		{375FE166-6AD3-4C9E-863D-FBE95AD343F7}.Release|Any CPU.ActiveCfg = Release|Any CPU
		{375FE166-6AD3-4C9E-863D-FBE95AD343F7}.Release|Any CPU.Build.0 = Release|Any CPU
		{26BFEE59-1332-4CC8-A667-36A371E505C7}.Debug|Any CPU.ActiveCfg = Debug|Any CPU
		{26BFEE59-1332-4CC8-A667-36A371E505C7}.Debug|Any CPU.Build.0 = Debug|Any CPU
		{26BFEE59-1332-4CC8-A667-36A371E505C7}.Release|Any CPU.ActiveCfg = Release|Any CPU
		{26BFEE59-1332-4CC8-A667-36A371E505C7}.Release|Any CPU.Build.0 = Release|Any CPU
		{39EDE77E-4A8F-4386-829A-1CE010CA8375}.Debug|Any CPU.ActiveCfg = Debug|Any CPU
		{39EDE77E-4A8F-4386-829A-1CE010CA8375}.Debug|Any CPU.Build.0 = Debug|Any CPU
		{39EDE77E-4A8F-4386-829A-1CE010CA8375}.Release|Any CPU.ActiveCfg = Release|Any CPU
		{39EDE77E-4A8F-4386-829A-1CE010CA8375}.Release|Any CPU.Build.0 = Release|Any CPU
		{F0AB9673-55E7-485A-BD5D-A0621B84BF34}.Debug|Any CPU.ActiveCfg = Debug|Any CPU
		{F0AB9673-55E7-485A-BD5D-A0621B84BF34}.Debug|Any CPU.Build.0 = Debug|Any CPU
		{F0AB9673-55E7-485A-BD5D-A0621B84BF34}.Release|Any CPU.ActiveCfg = Release|Any CPU
		{F0AB9673-55E7-485A-BD5D-A0621B84BF34}.Release|Any CPU.Build.0 = Release|Any CPU
		{4DDD84E4-D659-4AF3-873D-6005DD6D5864}.Debug|Any CPU.ActiveCfg = Debug|Any CPU
		{4DDD84E4-D659-4AF3-873D-6005DD6D5864}.Debug|Any CPU.Build.0 = Debug|Any CPU
		{4DDD84E4-D659-4AF3-873D-6005DD6D5864}.Release|Any CPU.ActiveCfg = Release|Any CPU
		{4DDD84E4-D659-4AF3-873D-6005DD6D5864}.Release|Any CPU.Build.0 = Release|Any CPU
		{D2C7FC1D-A25F-44F8-B3DB-6E06AD848763}.Debug|Any CPU.ActiveCfg = Debug|Any CPU
		{D2C7FC1D-A25F-44F8-B3DB-6E06AD848763}.Debug|Any CPU.Build.0 = Debug|Any CPU
		{D2C7FC1D-A25F-44F8-B3DB-6E06AD848763}.Release|Any CPU.ActiveCfg = Release|Any CPU
		{D2C7FC1D-A25F-44F8-B3DB-6E06AD848763}.Release|Any CPU.Build.0 = Release|Any CPU
	EndGlobalSection
	GlobalSection(SolutionProperties) = preSolution
		HideSolutionNode = FALSE
	EndGlobalSection
	GlobalSection(NestedProjects) = preSolution
		{375FE166-6AD3-4C9E-863D-FBE95AD343F7} = {E988D7DC-A0B6-439A-B89B-9CB416CE83F3}
		{4A4467A5-A9A5-4C8B-96E7-73899C074D33} = {E988D7DC-A0B6-439A-B89B-9CB416CE83F3}
		{26BFEE59-1332-4CC8-A667-36A371E505C7} = {FCDA379E-CDB4-48DD-94EC-0975ECB9C428}
		{39EDE77E-4A8F-4386-829A-1CE010CA8375} = {4A4467A5-A9A5-4C8B-96E7-73899C074D33}
		{06C5A1E8-91D9-4A96-BBC3-67E032E1E2AE} = {E988D7DC-A0B6-439A-B89B-9CB416CE83F3}
		{F0AB9673-55E7-485A-BD5D-A0621B84BF34} = {06C5A1E8-91D9-4A96-BBC3-67E032E1E2AE}
		{4DDD84E4-D659-4AF3-873D-6005DD6D5864} = {06C5A1E8-91D9-4A96-BBC3-67E032E1E2AE}
		{D2C7FC1D-A25F-44F8-B3DB-6E06AD848763} = {4A4467A5-A9A5-4C8B-96E7-73899C074D33}
		{822A6D94-54B5-4DE4-AD81-84D523C7029A} = {E988D7DC-A0B6-439A-B89B-9CB416CE83F3}
		{A2E60D14-A87F-4F80-8CD5-FF62690CF5B0} = {E988D7DC-A0B6-439A-B89B-9CB416CE83F3}
		{0D0666FD-7BDA-4B7A-8456-9806C3D178E2} = {E988D7DC-A0B6-439A-B89B-9CB416CE83F3}
		{A6B90692-6320-403A-86B3-9F1795031401} = {E988D7DC-A0B6-439A-B89B-9CB416CE83F3}
	EndGlobalSection
	GlobalSection(ExtensibilityGlobals) = postSolution
		SolutionGuid = {1C8630BC-707F-4B19-9469-DFD402677B09}
	EndGlobalSection
EndGlobal
